PODS:
  - AFNetworking (2.2.2):
    - AFNetworking/NSURLConnection (= 2.2.2)
    - AFNetworking/NSURLSession (= 2.2.2)
    - AFNetworking/Reachability (= 2.2.2)
    - AFNetworking/Security (= 2.2.2)
    - AFNetworking/Serialization (= 2.2.2)
    - AFNetworking/UIKit (= 2.2.2)
  - AFNetworking/NSURLConnection (2.2.2):
    - AFNetworking/Reachability
    - AFNetworking/Security
    - AFNetworking/Serialization
  - AFNetworking/NSURLSession (2.2.2):
    - AFNetworking/NSURLConnection
  - AFNetworking/Reachability (2.2.2)
  - AFNetworking/Security (2.2.2)
  - AFNetworking/Serialization (2.2.2)
  - AFNetworking/UIKit (2.2.2):
    - AFNetworking/NSURLConnection
    - AFNetworking/NSURLSession
  - Bolts (1.0.0)
  - CrashlyticsFramework (2.2.0)
  - HexColors (2.2.1)
  - JSONModel (0.13.0)
  - MBProgressHUD (0.8)
  - OHHTTPStubs (3.1.5):
    - OHHTTPStubs/Core (= 3.1.5)
  - OHHTTPStubs/Core (3.1.5)
  - TSMessages (0.9.9):
    - HexColors

DEPENDENCIES:
  - AFNetworking (~> 2.2.2)
  - Bolts (~> 1.0.0)
  - CrashlyticsFramework (~> 2.2.0)
  - JSONModel (~> 0.13.0)
  - MBProgressHUD (~> 0.8)
  - OHHTTPStubs (~> 3.1.5)
  - TSMessages (~> 0.9.9)

SPEC CHECKSUMS:
  AFNetworking: 68e1959e25ba8fccd98a5d94b8b5e6c4a25e7bd7
  Bolts: 0d6132ce6856f2eac784cfeb3fc3feceac15eae3
  CrashlyticsFramework: 1df72ced1f7744bae1daf141f6e314951a0d9c06
  HexColors: 01384d2bbe8dc4ffa43c3b4135db6e976952d153
  JSONModel: 62ea96b49ea18a8b91ef89c249dba291d8601d82
  MBProgressHUD: c356980b0cd097f19acec959b49dca5eb8ec31be
  OHHTTPStubs: c1e362552b71b81e1deb7a80f44c51585b946c43
  TSMessages: 2999ef55e532378692e9d14d32da2bb60e285129

COCOAPODS: 0.35.0.rc2
